# This file is automatically @generated by Poetry and should not be changed by hand.

[[package]]
name = "llvmlite"
version = "0.40.0"
description = "lightweight wrapper around basic LLVM functionality"
category = "main"
optional = false
python-versions = ">=3.8"
files = [
    {file = "llvmlite-0.40.0-cp310-cp310-macosx_10_9_x86_64.whl", hash = "sha256:90a46db1ed219d93ef05245ec17cf243074ec2b2687209cb310a803a2c2510dc"},
    {file = "llvmlite-0.40.0-cp310-cp310-macosx_11_0_arm64.whl", hash = "sha256:b9d742b66023298532d0e7beddd3d9f04334c046df7a02a1ec2ba8b4046a978c"},
    {file = "llvmlite-0.40.0-cp310-cp310-manylinux_2_17_aarch64.manylinux2014_aarch64.whl", hash = "sha256:3ff38c309dc758b996d556e599e00647e6b8dbd21125c06b2d0584a9984a2288"},
    {file = "llvmlite-0.40.0-cp310-cp310-manylinux_2_17_x86_64.manylinux2014_x86_64.whl", hash = "sha256:66ecb8cdee35bbbdad9b331f446641977645de1973f6270bf4194307a1753666"},
    {file = "llvmlite-0.40.0-cp310-cp310-win32.whl", hash = "sha256:83dd5148f6ddd4d35585b69ebaa50605fdf8011a5b7259a0463afd4aefc62414"},
    {file = "llvmlite-0.40.0-cp310-cp310-win_amd64.whl", hash = "sha256:f72d6ccbfd9cc7da43098fcef23ffbe173ce2d986215072dbb2e7929412f9ff8"},
    {file = "llvmlite-0.40.0-cp311-cp311-macosx_10_9_x86_64.whl", hash = "sha256:bbf19077144e159406ef222348d5330d5061177fb79d3f7f82abf2cf29b77c0b"},
    {file = "llvmlite-0.40.0-cp311-cp311-macosx_11_0_arm64.whl", hash = "sha256:a4732d6c981f658f014dd2ab2b682ac631cd12a6695e77c2d460cc68dc767868"},
    {file = "llvmlite-0.40.0-cp311-cp311-manylinux_2_17_aarch64.manylinux2014_aarch64.whl", hash = "sha256:2754c4d2b6f027ab45425abd94dee4cbd228b598531b1e9e1fc15f3298265d88"},
    {file = "llvmlite-0.40.0-cp311-cp311-manylinux_2_17_x86_64.manylinux2014_x86_64.whl", hash = "sha256:bb79b992bdc2e62c5f5f86263d5546b5298d498e7c1a9d64b3a6f0d31f46ba5b"},
    {file = "llvmlite-0.40.0-cp311-cp311-win_amd64.whl", hash = "sha256:be0ff5b68a86e47a7ec6cd5389bb17b4b8f020b981628c9e714dc2cfdbe89c86"},
    {file = "llvmlite-0.40.0-cp38-cp38-macosx_10_9_x86_64.whl", hash = "sha256:f5d4445eccd9c9c5639b35cb6279231f97cbd77a1c49fb41c05081ff96e041db"},
    {file = "llvmlite-0.40.0-cp38-cp38-macosx_11_0_arm64.whl", hash = "sha256:060f00611d8e65d6db80cabba17fbefde9ebefbfb6937fe5677f06cd3e7bbe3c"},
    {file = "llvmlite-0.40.0-cp38-cp38-manylinux_2_17_aarch64.manylinux2014_aarch64.whl", hash = "sha256:58f5ba5febb2372418a3d37bd76d51bb987276a6fd979c2f2772b60b9061e575"},
    {file = "llvmlite-0.40.0-cp38-cp38-manylinux_2_17_x86_64.manylinux2014_x86_64.whl", hash = "sha256:9d1622237e6ce543ac185751f782c7e10cabe45abf2de802cd5dca8023805a5c"},
    {file = "llvmlite-0.40.0-cp38-cp38-win32.whl", hash = "sha256:06803a1a38f911576bbe63a4082334d6661c59f2080e4681de1c66ec4924b0ac"},
    {file = "llvmlite-0.40.0-cp38-cp38-win_amd64.whl", hash = "sha256:87c2114567f95c715ae35b03d82caa0df66a978c93a1ff752964949e9ce596d5"},
    {file = "llvmlite-0.40.0-cp39-cp39-macosx_10_9_x86_64.whl", hash = "sha256:8a3382d81fcda57f5502f45a9ca62e0c9103fabd5f817c9820c7e61b9375f3d7"},
    {file = "llvmlite-0.40.0-cp39-cp39-macosx_11_0_arm64.whl", hash = "sha256:260b0241c17a1ec585020e1df58ed30b9975c3573c619fa1724ceb4cd53cbe42"},
    {file = "llvmlite-0.40.0-cp39-cp39-manylinux_2_17_aarch64.manylinux2014_aarch64.whl", hash = "sha256:f980992b6c9dfee20a1608c5a4d875f8a52d76353ca02470550a85be6e5d3680"},
    {file = "llvmlite-0.40.0-cp39-cp39-manylinux_2_17_x86_64.manylinux2014_x86_64.whl", hash = "sha256:52eee9e245ef6eb911d6c2a3a1a66378745a40c637284386031b0915754f457e"},
    {file = "llvmlite-0.40.0-cp39-cp39-win32.whl", hash = "sha256:d27c2ec699b820296659dfd36ead1c527eb190c6d5cb3de24bfbee1024bdc20a"},
    {file = "llvmlite-0.40.0-cp39-cp39-win_amd64.whl", hash = "sha256:6cf84141d1793c69285b88acf4216370cb831eab99778546a2a9002fadac932d"},
    {file = "llvmlite-0.40.0.tar.gz", hash = "sha256:c910b8fbfd67b8e9d0b10ebc012b23cd67cbecef1b96f00d391ddd298d71671c"},
]

[metadata]
lock-version = "2.0"
python-versions = "^3.9"
content-hash = "f13c65ac71ec6426ee08d9b4aade715a340d153b79ea9cd943c796c7b8486433"
